
Microsoft Visual Studio Solution File, Format Version 12.00
# Visual Studio 15
VisualStudioVersion = 15.0.28307.329
MinimumVisualStudioVersion = 10.0.40219.1
Project("{888888A0-9F3D-457C-B088-3A5042F75D52}") = "spheropy", "spheropy.pyproj", "{215B07E3-70FF-4DDA-B96B-334B12AF6167}"
EndProject
Project("{8BC9CEB8-8B4A-11D0-8D11-00A0C91BC942}") = "winble", "winble\winble.vcxproj", "{C67C4629-4D48-44F8-A213-E4B49C107D3F}"
EndProject
Global
	GlobalSection(SolutionConfigurationPlatforms) = preSolution
		Debug|Any CPU = Debug|Any CPU
		Debug|x64 = Debug|x64
		Debug|x86 = Debug|x86
		Release|Any CPU = Release|Any CPU
		Release|x64 = Release|x64
		Release|x86 = Release|x86
	EndGlobalSection
	GlobalSection(ProjectConfigurationPlatforms) = postSolution
		{215B07E3-70FF-4DDA-B96B-334B12AF6167}.Debug|Any CPU.ActiveCfg = Debug|Any CPU
		{215B07E3-70FF-4DDA-B96B-334B12AF6167}.Debug|x64.ActiveCfg = Debug|Any CPU
		{215B07E3-70FF-4DDA-B96B-334B12AF6167}.Debug|x86.ActiveCfg = Debug|Any CPU
		{215B07E3-70FF-4DDA-B96B-334B12AF6167}.Release|Any CPU.ActiveCfg = Release|Any CPU
		{215B07E3-70FF-4DDA-B96B-334B12AF6167}.Release|x64.ActiveCfg = Release|Any CPU
		{215B07E3-70FF-4DDA-B96B-334B12AF6167}.Release|x86.ActiveCfg = Release|Any CPU
		{C67C4629-4D48-44F8-A213-E4B49C107D3F}.Debug|Any CPU.ActiveCfg = Debug|Win32
		{C67C4629-4D48-44F8-A213-E4B49C107D3F}.Debug|x64.ActiveCfg = Debug|x64
		{C67C4629-4D48-44F8-A213-E4B49C107D3F}.Debug|x64.Build.0 = Debug|x64
		{C67C4629-4D48-44F8-A213-E4B49C107D3F}.Debug|x86.ActiveCfg = Debug|Win32
		{C67C4629-4D48-44F8-A213-E4B49C107D3F}.Debug|x86.Build.0 = Debug|Win32
		{C67C4629-4D48-44F8-A213-E4B49C107D3F}.Release|Any CPU.ActiveCfg = Release|Win32
		{C67C4629-4D48-44F8-A213-E4B49C107D3F}.Release|x64.ActiveCfg = Release|x64
		{C67C4629-4D48-44F8-A213-E4B49C107D3F}.Release|x64.Build.0 = Release|x64
		{C67C4629-4D48-44F8-A213-E4B49C107D3F}.Release|x86.ActiveCfg = Release|Win32
		{C67C4629-4D48-44F8-A213-E4B49C107D3F}.Release|x86.Build.0 = Release|Win32
	EndGlobalSection
	GlobalSection(SolutionProperties) = preSolution
		HideSolutionNode = FALSE
	EndGlobalSection
	GlobalSection(ExtensibilityGlobals) = postSolution
		SolutionGuid = {448FAC0D-959E-4466-A99D-A1FC9EE2C926}
	EndGlobalSection
EndGlobal
